
Microsoft Visual Studio Solution File, Format Version 12.00
# Visual Studio Version 17
VisualStudioVersion = 17.6.33801.468
MinimumVisualStudioVersion = 10.0.40219.1
Project("{9A19103F-16F7-4668-BE54-9A1E7A4F7556}") = "Digital Shop Software", "Digital Shop Software.csproj", "{28EBB649-9109-4905-A45B-72041116D03D}"
EndProject
Project("{FAE04EC0-301F-11D3-BF4B-00C04F79EFBC}") = "UnitTesting", "..\UnitTesting\UnitTesting.csproj", "{D0113C04-501F-4A9F-BC89-9359B438D1B6}"
EndProject
Global
	GlobalSection(SolutionConfigurationPlatforms) = preSolution
		Debug|Any CPU = Debug|Any CPU
		Release|Any CPU = Release|Any CPU
	EndGlobalSection
	GlobalSection(ProjectConfigurationPlatforms) = postSolution
		{28EBB649-9109-4905-A45B-72041116D03D}.Debug|Any CPU.ActiveCfg = Debug|Any CPU
		{28EBB649-9109-4905-A45B-72041116D03D}.Debug|Any CPU.Build.0 = Debug|Any CPU
		{28EBB649-9109-4905-A45B-72041116D03D}.Release|Any CPU.ActiveCfg = Release|Any CPU
		{28EBB649-9109-4905-A45B-72041116D03D}.Release|Any CPU.Build.0 = Release|Any CPU
		{D0113C04-501F-4A9F-BC89-9359B438D1B6}.Debug|Any CPU.ActiveCfg = Debug|Any CPU
		{D0113C04-501F-4A9F-BC89-9359B438D1B6}.Debug|Any CPU.Build.0 = Debug|Any CPU
		{D0113C04-501F-4A9F-BC89-9359B438D1B6}.Release|Any CPU.ActiveCfg = Release|Any CPU
		{D0113C04-501F-4A9F-BC89-9359B438D1B6}.Release|Any CPU.Build.0 = Release|Any CPU
	EndGlobalSection
	GlobalSection(SolutionProperties) = preSolution
		HideSolutionNode = FALSE
	EndGlobalSection
	GlobalSection(ExtensibilityGlobals) = postSolution
		SolutionGuid = {6D114946-03D2-424E-AE87-FCBCBC49AFAC}
	EndGlobalSection
EndGlobal
